// !$*UTF8*$!
{
	archiveVersion = 1;
	classes = {
	};
	objectVersion = 46;
	objects = {

/* Begin PBXBuildFile section */
		602C945F1E4DC8CC00A02196 /* CustomButton.swift in Sources */ = {isa = PBXBuildFile; fileRef = 602C945E1E4DC8CC00A02196 /* CustomButton.swift */; };
		602C94611E4DD0CF00A02196 /* ProfileViewController.swift in Sources */ = {isa = PBXBuildFile; fileRef = 602C94601E4DD0CF00A02196 /* ProfileViewController.swift */; };
		60354D8F1E6CBA5400A524F7 /* MenuPresenter.swift in Sources */ = {isa = PBXBuildFile; fileRef = 60354D8E1E6CBA5400A524F7 /* MenuPresenter.swift */; };
		60354D911E6CC10800A524F7 /* ResetPassword.xib in Resources */ = {isa = PBXBuildFile; fileRef = 60354D901E6CC10800A524F7 /* ResetPassword.xib */; };
		60354D941E6EB32500A524F7 /* AdminPanelViewController.swift in Sources */ = {isa = PBXBuildFile; fileRef = 60354D931E6EB32500A524F7 /* AdminPanelViewController.swift */; };
		60354D971E6EDD8000A524F7 /* ResetPasswordViewController.swift in Sources */ = {isa = PBXBuildFile; fileRef = 60354D961E6EDD8000A524F7 /* ResetPasswordViewController.swift */; };
		6044C5391E576AE400CB0C34 /* PickerViewController.swift in Sources */ = {isa = PBXBuildFile; fileRef = 6044C5371E576AE400CB0C34 /* PickerViewController.swift */; };
		6044C53A1E576AE400CB0C34 /* PickerViewController.xib in Resources */ = {isa = PBXBuildFile; fileRef = 6044C5381E576AE400CB0C34 /* PickerViewController.xib */; };
		6044C53C1E5771B400CB0C34 /* PickerTableView.swift in Sources */ = {isa = PBXBuildFile; fileRef = 6044C53B1E5771B400CB0C34 /* PickerTableView.swift */; };
		6044C53E1E57721900CB0C34 /* DepartmentPickerDataSource.swift in Sources */ = {isa = PBXBuildFile; fileRef = 6044C53D1E57721900CB0C34 /* DepartmentPickerDataSource.swift */; };
		6044C5451E577C8500CB0C34 /* PickerTableViewCell.swift in Sources */ = {isa = PBXBuildFile; fileRef = 6044C5431E577C8500CB0C34 /* PickerTableViewCell.swift */; };
		6044C5461E577C8500CB0C34 /* PickerTableViewCell.xib in Resources */ = {isa = PBXBuildFile; fileRef = 6044C5441E577C8500CB0C34 /* PickerTableViewCell.xib */; };
		6044C5481E577FDE00CB0C34 /* Picker.swift in Sources */ = {isa = PBXBuildFile; fileRef = 6044C5471E577FDE00CB0C34 /* Picker.swift */; };
		6044C54A1E5791AF00CB0C34 /* PromotionPickerDataSource.swift in Sources */ = {isa = PBXBuildFile; fileRef = 6044C5491E5791AF00CB0C34 /* PromotionPickerDataSource.swift */; };
		6045C3FB1E4DFB2B00970DCF /* MenuViewController.swift in Sources */ = {isa = PBXBuildFile; fileRef = 6045C3FA1E4DFB2B00970DCF /* MenuViewController.swift */; };
		604F444B1E4F881A00ACFBC3 /* RegisterViewController.swift in Sources */ = {isa = PBXBuildFile; fileRef = 604F444A1E4F881A00ACFBC3 /* RegisterViewController.swift */; };
		604F444D1E4F8AEC00ACFBC3 /* ChangePasswordViewController.swift in Sources */ = {isa = PBXBuildFile; fileRef = 604F444C1E4F8AEC00ACFBC3 /* ChangePasswordViewController.swift */; };
		6054B8DF1E733E1E00583F4B /* NewMessageViewController.swift in Sources */ = {isa = PBXBuildFile; fileRef = 6054B8DE1E733E1E00583F4B /* NewMessageViewController.swift */; };
		6054B8E11E733F6100583F4B /* NewMessage.swift in Sources */ = {isa = PBXBuildFile; fileRef = 6054B8E01E733F6100583F4B /* NewMessage.swift */; };
		6054B8E51E74516700583F4B /* FilesCollectionViewCell.swift in Sources */ = {isa = PBXBuildFile; fileRef = 6054B8E31E74516700583F4B /* FilesCollectionViewCell.swift */; };
		6054B8E61E74516700583F4B /* FilesCollectionViewCell.xib in Resources */ = {isa = PBXBuildFile; fileRef = 6054B8E41E74516700583F4B /* FilesCollectionViewCell.xib */; };
		606A6D721E552A8500A0B3B0 /* NewUserViewController.swift in Sources */ = {isa = PBXBuildFile; fileRef = 606A6D711E552A8500A0B3B0 /* NewUserViewController.swift */; };
		606A6D741E55EC4700A0B3B0 /* UIViewExtension.swift in Sources */ = {isa = PBXBuildFile; fileRef = 606A6D731E55EC4700A0B3B0 /* UIViewExtension.swift */; };
		606A6D7D1E55F17500A0B3B0 /* MasterViewController.swift in Sources */ = {isa = PBXBuildFile; fileRef = 606A6D7C1E55F17500A0B3B0 /* MasterViewController.swift */; };
		60721FF71E7151A4006C0E3A /* TeacherExtension.swift in Sources */ = {isa = PBXBuildFile; fileRef = 60721FF61E7151A4006C0E3A /* TeacherExtension.swift */; };
		60721FFA1E7176BE006C0E3A /* NewMessageView.xib in Resources */ = {isa = PBXBuildFile; fileRef = 60721FF91E7176BE006C0E3A /* NewMessageView.xib */; };
		60721FFE1E71793B006C0E3A /* NewMessageView.swift in Sources */ = {isa = PBXBuildFile; fileRef = 60721FFD1E71793B006C0E3A /* NewMessageView.swift */; };
		607BECF21E4FEFF8004EB98A /* AuthenticateService.swift in Sources */ = {isa = PBXBuildFile; fileRef = 607BECF11E4FEFF8004EB98A /* AuthenticateService.swift */; };
		607BED081E50B47C004EB98A /* CoreDataManager.swift in Sources */ = {isa = PBXBuildFile; fileRef = 607BED071E50B47C004EB98A /* CoreDataManager.swift */; };
		6086D66C1E49CFAD007D270F /* AppDelegate.swift in Sources */ = {isa = PBXBuildFile; fileRef = 6086D66B1E49CFAD007D270F /* AppDelegate.swift */; };
		6086D66E1E49CFAD007D270F /* LoginViewController.swift in Sources */ = {isa = PBXBuildFile; fileRef = 6086D66D1E49CFAD007D270F /* LoginViewController.swift */; };
		6086D6741E49CFAD007D270F /* FlowBook.xcdatamodeld in Sources */ = {isa = PBXBuildFile; fileRef = 6086D6721E49CFAD007D270F /* FlowBook.xcdatamodeld */; };
		6086D6761E49CFAD007D270F /* Assets.xcassets in Resources */ = {isa = PBXBuildFile; fileRef = 6086D6751E49CFAD007D270F /* Assets.xcassets */; };
		6086D6841E49CFAD007D270F /* FlowBookTests.swift in Sources */ = {isa = PBXBuildFile; fileRef = 6086D6831E49CFAD007D270F /* FlowBookTests.swift */; };
		6086D6931E4A71C2007D270F /* LaunchScreen.storyboard in Resources */ = {isa = PBXBuildFile; fileRef = 6086D6921E4A71C2007D270F /* LaunchScreen.storyboard */; };
		6086D6991E4A81D9007D270F /* HomeViewController.swift in Sources */ = {isa = PBXBuildFile; fileRef = 6086D6981E4A81D9007D270F /* HomeViewController.swift */; };
		6086D69F1E4B9164007D270F /* MessageTableViewCell.swift in Sources */ = {isa = PBXBuildFile; fileRef = 6086D69E1E4B9164007D270F /* MessageTableViewCell.swift */; };
		6096E2411E773EA200D515BD /* NewFileViewController.swift in Sources */ = {isa = PBXBuildFile; fileRef = 6096E23F1E773EA200D515BD /* NewFileViewController.swift */; };
		6096E2421E773EA200D515BD /* NewFileViewController.xib in Resources */ = {isa = PBXBuildFile; fileRef = 6096E2401E773EA200D515BD /* NewFileViewController.xib */; };
		609AAFA91E52237C00B51AF1 /* CurrentUser.swift in Sources */ = {isa = PBXBuildFile; fileRef = 609AAFA81E52237C00B51AF1 /* CurrentUser.swift */; };
		60A5E5161E5434F000684035 /* MessageTableViewController.swift in Sources */ = {isa = PBXBuildFile; fileRef = 60A5E5151E5434F000684035 /* MessageTableViewController.swift */; };
		60A5E5181E54394400684035 /* MessageTableView.swift in Sources */ = {isa = PBXBuildFile; fileRef = 60A5E5171E54394400684035 /* MessageTableView.swift */; };
		60A5E51D1E54422500684035 /* UserTableViewCell.swift in Sources */ = {isa = PBXBuildFile; fileRef = 60A5E51C1E54422500684035 /* UserTableViewCell.swift */; };
		60A5E5201E54429300684035 /* UsersTableViewController.swift in Sources */ = {isa = PBXBuildFile; fileRef = 60A5E51F1E54429300684035 /* UsersTableViewController.swift */; };
		60A5E5221E54508200684035 /* AlertController.swift in Sources */ = {isa = PBXBuildFile; fileRef = 60A5E5211E54508200684035 /* AlertController.swift */; };
		60A5E5241E54535200684035 /* UserListViewController.swift in Sources */ = {isa = PBXBuildFile; fileRef = 60A5E5231E54535200684035 /* UserListViewController.swift */; };
		60A5E5261E54A1C700684035 /* RootViewController.swift in Sources */ = {isa = PBXBuildFile; fileRef = 60A5E5251E54A1C700684035 /* RootViewController.swift */; };
		60A5E52A1E54ED1000684035 /* DepartmentExtension.swift in Sources */ = {isa = PBXBuildFile; fileRef = 60A5E5291E54ED1000684035 /* DepartmentExtension.swift */; };
		60A5E52C1E54ED1800684035 /* PromotionExtension.swift in Sources */ = {isa = PBXBuildFile; fileRef = 60A5E52B1E54ED1800684035 /* PromotionExtension.swift */; };
		60A5E52F1E54FEC700684035 /* FlowPickerViewController.swift in Sources */ = {isa = PBXBuildFile; fileRef = 60A5E52E1E54FEC700684035 /* FlowPickerViewController.swift */; };
		60A5E5311E54FEE700684035 /* FlowPickerTableViewCell.swift in Sources */ = {isa = PBXBuildFile; fileRef = 60A5E5301E54FEE700684035 /* FlowPickerTableViewCell.swift */; };
		60A5E5331E55047700684035 /* StudentExtension.swift in Sources */ = {isa = PBXBuildFile; fileRef = 60A5E5321E55047700684035 /* StudentExtension.swift */; };
		60ABEC631E4F339E004B6105 /* RoundedImageView.swift in Sources */ = {isa = PBXBuildFile; fileRef = 60ABEC621E4F339E004B6105 /* RoundedImageView.swift */; };
		60C8A2D41E4EA536002E9B6D /* UserExtension.swift in Sources */ = {isa = PBXBuildFile; fileRef = 60C8A2D31E4EA536002E9B6D /* UserExtension.swift */; };
		60C8A2D61E4EA581002E9B6D /* MessageExtension.swift in Sources */ = {isa = PBXBuildFile; fileRef = 60C8A2D51E4EA581002E9B6D /* MessageExtension.swift */; };
		60C8A2D81E4EA58D002E9B6D /* RightExtension.swift in Sources */ = {isa = PBXBuildFile; fileRef = 60C8A2D71E4EA58D002E9B6D /* RightExtension.swift */; };
		60C8A2DA1E4EA5A8002E9B6D /* FlowExtension.swift in Sources */ = {isa = PBXBuildFile; fileRef = 60C8A2D91E4EA5A8002E9B6D /* FlowExtension.swift */; };
		60C8A2DC1E4EA5B9002E9B6D /* UserCategoryExtension.swift in Sources */ = {isa = PBXBuildFile; fileRef = 60C8A2DB1E4EA5B9002E9B6D /* UserCategoryExtension.swift */; };
		60D8549D1E571CB800A9BB73 /* PromotionsTableViewCell.swift in Sources */ = {isa = PBXBuildFile; fileRef = 60D8549C1E571CB800A9BB73 /* PromotionsTableViewCell.swift */; };
		60D854A01E571D1F00A9BB73 /* PromotionsTableViewController.swift in Sources */ = {isa = PBXBuildFile; fileRef = 60D8549F1E571D1F00A9BB73 /* PromotionsTableViewController.swift */; };
		60D854A21E571D3100A9BB73 /* PromotionsViewController.swift in Sources */ = {isa = PBXBuildFile; fileRef = 60D854A11E571D3100A9BB73 /* PromotionsViewController.swift */; };
		60D854A51E57336100A9BB73 /* NewPromotionViewController.swift in Sources */ = {isa = PBXBuildFile; fileRef = 60D854A41E57336100A9BB73 /* NewPromotionViewController.swift */; };
		60F8085F1E5999FB00101695 /* ProfilePresenter.swift in Sources */ = {isa = PBXBuildFile; fileRef = 60F8085E1E5999FB00101695 /* ProfilePresenter.swift */; };
		60F808611E59B70000101695 /* UsersData.swift in Sources */ = {isa = PBXBuildFile; fileRef = 60F808601E59B70000101695 /* UsersData.swift */; };
		60F808671E59C7B100101695 /* JTAppleCalendar.framework in Frameworks */ = {isa = PBXBuildFile; fileRef = 60F808661E59C7B100101695 /* JTAppleCalendar.framework */; };
		60F808691E59C7BD00101695 /* JTAppleCalendar.framework in Embed Frameworks */ = {isa = PBXBuildFile; fileRef = 60F808661E59C7B100101695 /* JTAppleCalendar.framework */; settings = {ATTRIBUTES = (CodeSignOnCopy, RemoveHeadersOnCopy, ); }; };
		60F8086C1E59C86000101695 /* CalendarCellView.xib in Resources */ = {isa = PBXBuildFile; fileRef = 60F8086B1E59C86000101695 /* CalendarCellView.xib */; };
		60F8086E1E59C8B400101695 /* CalendarCellView.swift in Sources */ = {isa = PBXBuildFile; fileRef = 60F8086D1E59C8B400101695 /* CalendarCellView.swift */; };
		60F808701E59C93000101695 /* CalendarViewController.swift in Sources */ = {isa = PBXBuildFile; fileRef = 60F8086F1E59C93000101695 /* CalendarViewController.swift */; };
		60F808721E59CBC500101695 /* CalendarView.swift in Sources */ = {isa = PBXBuildFile; fileRef = 60F808711E59CBC500101695 /* CalendarView.swift */; };
		922A2E5C1E6F5F070073BAD4 /* CustomInputCalendar.swift in Sources */ = {isa = PBXBuildFile; fileRef = 922A2E5B1E6F5F070073BAD4 /* CustomInputCalendar.swift */; };
		9260BD071E50F81500D32B4D /* CryptoSwift.framework in Frameworks */ = {isa = PBXBuildFile; fileRef = 607BED041E509D8A004EB98A /* CryptoSwift.framework */; };
		9260BD081E50F81500D32B4D /* CryptoSwift.framework in Embed Frameworks */ = {isa = PBXBuildFile; fileRef = 607BED041E509D8A004EB98A /* CryptoSwift.framework */; settings = {ATTRIBUTES = (CodeSignOnCopy, RemoveHeadersOnCopy, ); }; };
		92706CBD1E4F65CB00C32830 /* CustomButtonSend.swift in Sources */ = {isa = PBXBuildFile; fileRef = 92706CBC1E4F65CB00C32830 /* CustomButtonSend.swift */; };
		9291615D1E52755F00D60CD5 /* CustomInput.swift in Sources */ = {isa = PBXBuildFile; fileRef = 9291615C1E52755F00D60CD5 /* CustomInput.swift */; };
		9291615F1E52777900D60CD5 /* CustomInputUser.swift in Sources */ = {isa = PBXBuildFile; fileRef = 9291615E1E52777900D60CD5 /* CustomInputUser.swift */; };
		92C427521E7175590057F97A /* CustomButtonColor.swift in Sources */ = {isa = PBXBuildFile; fileRef = 92C427511E7175590057F97A /* CustomButtonColor.swift */; };
		92C427541E71FC490057F97A /* ColorRGBExtension.swift in Sources */ = {isa = PBXBuildFile; fileRef = 92C427531E71FC490057F97A /* ColorRGBExtension.swift */; };
		92C9AB9A1E6E112E001AC477 /* EventExtension.swift in Sources */ = {isa = PBXBuildFile; fileRef = 92C9AB991E6E112E001AC477 /* EventExtension.swift */; };
		92D2E8F11E6E99EC005B2CFB /* NewEventViewController.swift in Sources */ = {isa = PBXBuildFile; fileRef = 92D2E8F01E6E99EC005B2CFB /* NewEventViewController.swift */; };
		92E1F1D61E5253A8006C26A5 /* Main.storyboard in Resources */ = {isa = PBXBuildFile; fileRef = 92E1F1D41E5253A8006C26A5 /* Main.storyboard */; };
		92FE3A191E51D80700F74D86 /* CustomInputMail.swift in Sources */ = {isa = PBXBuildFile; fileRef = 92FE3A181E51D80700F74D86 /* CustomInputMail.swift */; };
		92FE3A1B1E51D8C700F74D86 /* CustomInputPassword.swift in Sources */ = {isa = PBXBuildFile; fileRef = 92FE3A1A1E51D8C700F74D86 /* CustomInputPassword.swift */; };
/* End PBXBuildFile section */

/* Begin PBXContainerItemProxy section */
		6086D6801E49CFAD007D270F /* PBXContainerItemProxy */ = {
			isa = PBXContainerItemProxy;
			containerPortal = 6086D6601E49CFAD007D270F /* Project object */;
			proxyType = 1;
			remoteGlobalIDString = 6086D6671E49CFAD007D270F;
			remoteInfo = FlowBook;
		};
/* End PBXContainerItemProxy section */

/* Begin PBXCopyFilesBuildPhase section */
		9260BD091E50F81500D32B4D /* Embed Frameworks */ = {
			isa = PBXCopyFilesBuildPhase;
			buildActionMask = 2147483647;
			dstPath = "";
			dstSubfolderSpec = 10;
			files = (
				9260BD081E50F81500D32B4D /* CryptoSwift.framework in Embed Frameworks */,
				60F808691E59C7BD00101695 /* JTAppleCalendar.framework in Embed Frameworks */,
			);
			name = "Embed Frameworks";
			runOnlyForDeploymentPostprocessing = 0;
		};
/* End PBXCopyFilesBuildPhase section */

/* Begin PBXFileReference section */
		602C945E1E4DC8CC00A02196 /* CustomButton.swift */ = {isa = PBXFileReference; fileEncoding = 4; lastKnownFileType = sourcecode.swift; path = CustomButton.swift; sourceTree = "<group>"; };
		602C94601E4DD0CF00A02196 /* ProfileViewController.swift */ = {isa = PBXFileReference; fileEncoding = 4; lastKnownFileType = sourcecode.swift; path = ProfileViewController.swift; sourceTree = "<group>"; };
		60354D8E1E6CBA5400A524F7 /* MenuPresenter.swift */ = {isa = PBXFileReference; fileEncoding = 4; lastKnownFileType = sourcecode.swift; path = MenuPresenter.swift; sourceTree = "<group>"; };
		60354D901E6CC10800A524F7 /* ResetPassword.xib */ = {isa = PBXFileReference; fileEncoding = 4; lastKnownFileType = file.xib; path = ResetPassword.xib; sourceTree = "<group>"; };
		60354D931E6EB32500A524F7 /* AdminPanelViewController.swift */ = {isa = PBXFileReference; fileEncoding = 4; lastKnownFileType = sourcecode.swift; path = AdminPanelViewController.swift; sourceTree = "<group>"; };
		60354D961E6EDD8000A524F7 /* ResetPasswordViewController.swift */ = {isa = PBXFileReference; fileEncoding = 4; lastKnownFileType = sourcecode.swift; path = ResetPasswordViewController.swift; sourceTree = "<group>"; };
		6044C5371E576AE400CB0C34 /* PickerViewController.swift */ = {isa = PBXFileReference; fileEncoding = 4; lastKnownFileType = sourcecode.swift; path = PickerViewController.swift; sourceTree = "<group>"; };
		6044C5381E576AE400CB0C34 /* PickerViewController.xib */ = {isa = PBXFileReference; fileEncoding = 4; lastKnownFileType = file.xib; path = PickerViewController.xib; sourceTree = "<group>"; };
		6044C53B1E5771B400CB0C34 /* PickerTableView.swift */ = {isa = PBXFileReference; fileEncoding = 4; lastKnownFileType = sourcecode.swift; path = PickerTableView.swift; sourceTree = "<group>"; };
		6044C53D1E57721900CB0C34 /* DepartmentPickerDataSource.swift */ = {isa = PBXFileReference; fileEncoding = 4; lastKnownFileType = sourcecode.swift; path = DepartmentPickerDataSource.swift; sourceTree = "<group>"; };
		6044C5431E577C8500CB0C34 /* PickerTableViewCell.swift */ = {isa = PBXFileReference; fileEncoding = 4; lastKnownFileType = sourcecode.swift; path = PickerTableViewCell.swift; sourceTree = "<group>"; };
		6044C5441E577C8500CB0C34 /* PickerTableViewCell.xib */ = {isa = PBXFileReference; fileEncoding = 4; lastKnownFileType = file.xib; path = PickerTableViewCell.xib; sourceTree = "<group>"; };
		6044C5471E577FDE00CB0C34 /* Picker.swift */ = {isa = PBXFileReference; fileEncoding = 4; lastKnownFileType = sourcecode.swift; path = Picker.swift; sourceTree = "<group>"; };
		6044C5491E5791AF00CB0C34 /* PromotionPickerDataSource.swift */ = {isa = PBXFileReference; fileEncoding = 4; lastKnownFileType = sourcecode.swift; path = PromotionPickerDataSource.swift; sourceTree = "<group>"; };
		6045C3FA1E4DFB2B00970DCF /* MenuViewController.swift */ = {isa = PBXFileReference; fileEncoding = 4; lastKnownFileType = sourcecode.swift; path = MenuViewController.swift; sourceTree = "<group>"; };
		604F444A1E4F881A00ACFBC3 /* RegisterViewController.swift */ = {isa = PBXFileReference; fileEncoding = 4; lastKnownFileType = sourcecode.swift; path = RegisterViewController.swift; sourceTree = "<group>"; };
		604F444C1E4F8AEC00ACFBC3 /* ChangePasswordViewController.swift */ = {isa = PBXFileReference; fileEncoding = 4; lastKnownFileType = sourcecode.swift; path = ChangePasswordViewController.swift; sourceTree = "<group>"; };
		6054B8DE1E733E1E00583F4B /* NewMessageViewController.swift */ = {isa = PBXFileReference; fileEncoding = 4; lastKnownFileType = sourcecode.swift; path = NewMessageViewController.swift; sourceTree = "<group>"; };
		6054B8E01E733F6100583F4B /* NewMessage.swift */ = {isa = PBXFileReference; fileEncoding = 4; lastKnownFileType = sourcecode.swift; path = NewMessage.swift; sourceTree = "<group>"; };
		6054B8E31E74516700583F4B /* FilesCollectionViewCell.swift */ = {isa = PBXFileReference; fileEncoding = 4; lastKnownFileType = sourcecode.swift; path = FilesCollectionViewCell.swift; sourceTree = "<group>"; };
		6054B8E41E74516700583F4B /* FilesCollectionViewCell.xib */ = {isa = PBXFileReference; fileEncoding = 4; lastKnownFileType = file.xib; path = FilesCollectionViewCell.xib; sourceTree = "<group>"; };
		606A6D711E552A8500A0B3B0 /* NewUserViewController.swift */ = {isa = PBXFileReference; fileEncoding = 4; lastKnownFileType = sourcecode.swift; path = NewUserViewController.swift; sourceTree = "<group>"; };
		606A6D731E55EC4700A0B3B0 /* UIViewExtension.swift */ = {isa = PBXFileReference; fileEncoding = 4; lastKnownFileType = sourcecode.swift; path = UIViewExtension.swift; sourceTree = "<group>"; };
		606A6D7C1E55F17500A0B3B0 /* MasterViewController.swift */ = {isa = PBXFileReference; fileEncoding = 4; lastKnownFileType = sourcecode.swift; path = MasterViewController.swift; sourceTree = "<group>"; };
		60721FF61E7151A4006C0E3A /* TeacherExtension.swift */ = {isa = PBXFileReference; fileEncoding = 4; lastKnownFileType = sourcecode.swift; path = TeacherExtension.swift; sourceTree = "<group>"; };
		60721FF91E7176BE006C0E3A /* NewMessageView.xib */ = {isa = PBXFileReference; fileEncoding = 4; lastKnownFileType = file.xib; path = NewMessageView.xib; sourceTree = "<group>"; };
		60721FFD1E71793B006C0E3A /* NewMessageView.swift */ = {isa = PBXFileReference; fileEncoding = 4; lastKnownFileType = sourcecode.swift; path = NewMessageView.swift; sourceTree = "<group>"; };
		607BECF11E4FEFF8004EB98A /* AuthenticateService.swift */ = {isa = PBXFileReference; fileEncoding = 4; lastKnownFileType = sourcecode.swift; path = AuthenticateService.swift; sourceTree = "<group>"; };
		607BED041E509D8A004EB98A /* CryptoSwift.framework */ = {isa = PBXFileReference; lastKnownFileType = wrapper.framework; path = CryptoSwift.framework; sourceTree = "<group>"; };
		607BED071E50B47C004EB98A /* CoreDataManager.swift */ = {isa = PBXFileReference; fileEncoding = 4; lastKnownFileType = sourcecode.swift; path = CoreDataManager.swift; sourceTree = "<group>"; };
		6086D6681E49CFAD007D270F /* FlowBook.app */ = {isa = PBXFileReference; explicitFileType = wrapper.application; includeInIndex = 0; path = FlowBook.app; sourceTree = BUILT_PRODUCTS_DIR; };
		6086D66B1E49CFAD007D270F /* AppDelegate.swift */ = {isa = PBXFileReference; lastKnownFileType = sourcecode.swift; path = AppDelegate.swift; sourceTree = "<group>"; };
		6086D66D1E49CFAD007D270F /* LoginViewController.swift */ = {isa = PBXFileReference; lastKnownFileType = sourcecode.swift; path = LoginViewController.swift; sourceTree = "<group>"; };
		6086D6731E49CFAD007D270F /* FlowBook.xcdatamodel */ = {isa = PBXFileReference; lastKnownFileType = wrapper.xcdatamodel; path = FlowBook.xcdatamodel; sourceTree = "<group>"; };
		6086D6751E49CFAD007D270F /* Assets.xcassets */ = {isa = PBXFileReference; lastKnownFileType = folder.assetcatalog; path = Assets.xcassets; sourceTree = "<group>"; };
		6086D67A1E49CFAD007D270F /* Info.plist */ = {isa = PBXFileReference; lastKnownFileType = text.plist.xml; path = Info.plist; sourceTree = "<group>"; };
		6086D67F1E49CFAD007D270F /* FlowBookTests.xctest */ = {isa = PBXFileReference; explicitFileType = wrapper.cfbundle; includeInIndex = 0; path = FlowBookTests.xctest; sourceTree = BUILT_PRODUCTS_DIR; };
		6086D6831E49CFAD007D270F /* FlowBookTests.swift */ = {isa = PBXFileReference; lastKnownFileType = sourcecode.swift; path = FlowBookTests.swift; sourceTree = "<group>"; };
		6086D6851E49CFAD007D270F /* Info.plist */ = {isa = PBXFileReference; lastKnownFileType = text.plist.xml; path = Info.plist; sourceTree = "<group>"; };
		6086D6921E4A71C2007D270F /* LaunchScreen.storyboard */ = {isa = PBXFileReference; fileEncoding = 4; lastKnownFileType = file.storyboard; path = LaunchScreen.storyboard; sourceTree = "<group>"; };
		6086D6981E4A81D9007D270F /* HomeViewController.swift */ = {isa = PBXFileReference; fileEncoding = 4; lastKnownFileType = sourcecode.swift; path = HomeViewController.swift; sourceTree = "<group>"; };
		6086D69E1E4B9164007D270F /* MessageTableViewCell.swift */ = {isa = PBXFileReference; fileEncoding = 4; lastKnownFileType = sourcecode.swift; name = MessageTableViewCell.swift; path = ../MessageTableViewCell.swift; sourceTree = "<group>"; };
		6096E23F1E773EA200D515BD /* NewFileViewController.swift */ = {isa = PBXFileReference; fileEncoding = 4; lastKnownFileType = sourcecode.swift; path = NewFileViewController.swift; sourceTree = "<group>"; };
		6096E2401E773EA200D515BD /* NewFileViewController.xib */ = {isa = PBXFileReference; fileEncoding = 4; lastKnownFileType = file.xib; path = NewFileViewController.xib; sourceTree = "<group>"; };
		609AAFA81E52237C00B51AF1 /* CurrentUser.swift */ = {isa = PBXFileReference; fileEncoding = 4; lastKnownFileType = sourcecode.swift; path = CurrentUser.swift; sourceTree = "<group>"; };
		60A5E5151E5434F000684035 /* MessageTableViewController.swift */ = {isa = PBXFileReference; fileEncoding = 4; lastKnownFileType = sourcecode.swift; path = MessageTableViewController.swift; sourceTree = "<group>"; };
		60A5E5171E54394400684035 /* MessageTableView.swift */ = {isa = PBXFileReference; fileEncoding = 4; lastKnownFileType = sourcecode.swift; path = MessageTableView.swift; sourceTree = "<group>"; };
		60A5E51C1E54422500684035 /* UserTableViewCell.swift */ = {isa = PBXFileReference; fileEncoding = 4; lastKnownFileType = sourcecode.swift; path = UserTableViewCell.swift; sourceTree = "<group>"; };
		60A5E51F1E54429300684035 /* UsersTableViewController.swift */ = {isa = PBXFileReference; fileEncoding = 4; lastKnownFileType = sourcecode.swift; path = UsersTableViewController.swift; sourceTree = "<group>"; };
		60A5E5211E54508200684035 /* AlertController.swift */ = {isa = PBXFileReference; fileEncoding = 4; lastKnownFileType = sourcecode.swift; path = AlertController.swift; sourceTree = "<group>"; };
		60A5E5231E54535200684035 /* UserListViewController.swift */ = {isa = PBXFileReference; fileEncoding = 4; lastKnownFileType = sourcecode.swift; path = UserListViewController.swift; sourceTree = "<group>"; };
		60A5E5251E54A1C700684035 /* RootViewController.swift */ = {isa = PBXFileReference; fileEncoding = 4; lastKnownFileType = sourcecode.swift; path = RootViewController.swift; sourceTree = "<group>"; };
		60A5E5291E54ED1000684035 /* DepartmentExtension.swift */ = {isa = PBXFileReference; fileEncoding = 4; lastKnownFileType = sourcecode.swift; path = DepartmentExtension.swift; sourceTree = "<group>"; };
		60A5E52B1E54ED1800684035 /* PromotionExtension.swift */ = {isa = PBXFileReference; fileEncoding = 4; lastKnownFileType = sourcecode.swift; path = PromotionExtension.swift; sourceTree = "<group>"; };
		60A5E52E1E54FEC700684035 /* FlowPickerViewController.swift */ = {isa = PBXFileReference; fileEncoding = 4; lastKnownFileType = sourcecode.swift; path = FlowPickerViewController.swift; sourceTree = "<group>"; };
		60A5E5301E54FEE700684035 /* FlowPickerTableViewCell.swift */ = {isa = PBXFileReference; fileEncoding = 4; lastKnownFileType = sourcecode.swift; path = FlowPickerTableViewCell.swift; sourceTree = "<group>"; };
		60A5E5321E55047700684035 /* StudentExtension.swift */ = {isa = PBXFileReference; fileEncoding = 4; lastKnownFileType = sourcecode.swift; path = StudentExtension.swift; sourceTree = "<group>"; };
		60ABEC621E4F339E004B6105 /* RoundedImageView.swift */ = {isa = PBXFileReference; fileEncoding = 4; lastKnownFileType = sourcecode.swift; path = RoundedImageView.swift; sourceTree = "<group>"; };
		60C8A2D31E4EA536002E9B6D /* UserExtension.swift */ = {isa = PBXFileReference; fileEncoding = 4; lastKnownFileType = sourcecode.swift; path = UserExtension.swift; sourceTree = "<group>"; };
		60C8A2D51E4EA581002E9B6D /* MessageExtension.swift */ = {isa = PBXFileReference; fileEncoding = 4; lastKnownFileType = sourcecode.swift; path = MessageExtension.swift; sourceTree = "<group>"; };
		60C8A2D71E4EA58D002E9B6D /* RightExtension.swift */ = {isa = PBXFileReference; fileEncoding = 4; lastKnownFileType = sourcecode.swift; path = RightExtension.swift; sourceTree = "<group>"; };
		60C8A2D91E4EA5A8002E9B6D /* FlowExtension.swift */ = {isa = PBXFileReference; fileEncoding = 4; lastKnownFileType = sourcecode.swift; path = FlowExtension.swift; sourceTree = "<group>"; };
		60C8A2DB1E4EA5B9002E9B6D /* UserCategoryExtension.swift */ = {isa = PBXFileReference; fileEncoding = 4; lastKnownFileType = sourcecode.swift; path = UserCategoryExtension.swift; sourceTree = "<group>"; };
		60D8549C1E571CB800A9BB73 /* PromotionsTableViewCell.swift */ = {isa = PBXFileReference; fileEncoding = 4; lastKnownFileType = sourcecode.swift; path = PromotionsTableViewCell.swift; sourceTree = "<group>"; };
		60D8549F1E571D1F00A9BB73 /* PromotionsTableViewController.swift */ = {isa = PBXFileReference; fileEncoding = 4; lastKnownFileType = sourcecode.swift; path = PromotionsTableViewController.swift; sourceTree = "<group>"; };
		60D854A11E571D3100A9BB73 /* PromotionsViewController.swift */ = {isa = PBXFileReference; fileEncoding = 4; lastKnownFileType = sourcecode.swift; path = PromotionsViewController.swift; sourceTree = "<group>"; };
		60D854A41E57336100A9BB73 /* NewPromotionViewController.swift */ = {isa = PBXFileReference; fileEncoding = 4; lastKnownFileType = sourcecode.swift; path = NewPromotionViewController.swift; sourceTree = "<group>"; };
		60F8085E1E5999FB00101695 /* ProfilePresenter.swift */ = {isa = PBXFileReference; fileEncoding = 4; lastKnownFileType = sourcecode.swift; path = ProfilePresenter.swift; sourceTree = "<group>"; };
		60F808601E59B70000101695 /* UsersData.swift */ = {isa = PBXFileReference; fileEncoding = 4; lastKnownFileType = sourcecode.swift; path = UsersData.swift; sourceTree = "<group>"; };
		60F808661E59C7B100101695 /* JTAppleCalendar.framework */ = {isa = PBXFileReference; lastKnownFileType = wrapper.framework; path = JTAppleCalendar.framework; sourceTree = "<group>"; };
		60F8086B1E59C86000101695 /* CalendarCellView.xib */ = {isa = PBXFileReference; fileEncoding = 4; lastKnownFileType = file.xib; path = CalendarCellView.xib; sourceTree = "<group>"; };
		60F8086D1E59C8B400101695 /* CalendarCellView.swift */ = {isa = PBXFileReference; fileEncoding = 4; lastKnownFileType = sourcecode.swift; path = CalendarCellView.swift; sourceTree = "<group>"; };
		60F8086F1E59C93000101695 /* CalendarViewController.swift */ = {isa = PBXFileReference; fileEncoding = 4; lastKnownFileType = sourcecode.swift; path = CalendarViewController.swift; sourceTree = "<group>"; };
		60F808711E59CBC500101695 /* CalendarView.swift */ = {isa = PBXFileReference; fileEncoding = 4; lastKnownFileType = sourcecode.swift; path = CalendarView.swift; sourceTree = "<group>"; };
		922A2E5B1E6F5F070073BAD4 /* CustomInputCalendar.swift */ = {isa = PBXFileReference; fileEncoding = 4; lastKnownFileType = sourcecode.swift; path = CustomInputCalendar.swift; sourceTree = "<group>"; };
		92706CBC1E4F65CB00C32830 /* CustomButtonSend.swift */ = {isa = PBXFileReference; fileEncoding = 4; lastKnownFileType = sourcecode.swift; path = CustomButtonSend.swift; sourceTree = "<group>"; };
		9291615C1E52755F00D60CD5 /* CustomInput.swift */ = {isa = PBXFileReference; fileEncoding = 4; lastKnownFileType = sourcecode.swift; path = CustomInput.swift; sourceTree = "<group>"; };
		9291615E1E52777900D60CD5 /* CustomInputUser.swift */ = {isa = PBXFileReference; fileEncoding = 4; lastKnownFileType = sourcecode.swift; path = CustomInputUser.swift; sourceTree = "<group>"; };
		92C427511E7175590057F97A /* CustomButtonColor.swift */ = {isa = PBXFileReference; fileEncoding = 4; lastKnownFileType = sourcecode.swift; path = CustomButtonColor.swift; sourceTree = "<group>"; };
		92C427531E71FC490057F97A /* ColorRGBExtension.swift */ = {isa = PBXFileReference; fileEncoding = 4; lastKnownFileType = sourcecode.swift; path = ColorRGBExtension.swift; sourceTree = "<group>"; };
		92C9AB991E6E112E001AC477 /* EventExtension.swift */ = {isa = PBXFileReference; fileEncoding = 4; lastKnownFileType = sourcecode.swift; path = EventExtension.swift; sourceTree = "<group>"; };
		92D2E8F01E6E99EC005B2CFB /* NewEventViewController.swift */ = {isa = PBXFileReference; fileEncoding = 4; lastKnownFileType = sourcecode.swift; path = NewEventViewController.swift; sourceTree = "<group>"; };
		92E1F1D51E5253A8006C26A5 /* Base */ = {isa = PBXFileReference; lastKnownFileType = file.storyboard; name = Base; path = Base.lproj/Main.storyboard; sourceTree = "<group>"; };
		92FE3A181E51D80700F74D86 /* CustomInputMail.swift */ = {isa = PBXFileReference; fileEncoding = 4; lastKnownFileType = sourcecode.swift; path = CustomInputMail.swift; sourceTree = "<group>"; };
		92FE3A1A1E51D8C700F74D86 /* CustomInputPassword.swift */ = {isa = PBXFileReference; fileEncoding = 4; lastKnownFileType = sourcecode.swift; path = CustomInputPassword.swift; sourceTree = "<group>"; };
/* End PBXFileReference section */

/* Begin PBXFrameworksBuildPhase section */
		6086D6651E49CFAD007D270F /* Frameworks */ = {
			isa = PBXFrameworksBuildPhase;
			buildActionMask = 2147483647;
			files = (
				9260BD071E50F81500D32B4D /* CryptoSwift.framework in Frameworks */,
				60F808671E59C7B100101695 /* JTAppleCalendar.framework in Frameworks */,
			);
			runOnlyForDeploymentPostprocessing = 0;
		};
		6086D67C1E49CFAD007D270F /* Frameworks */ = {
			isa = PBXFrameworksBuildPhase;
			buildActionMask = 2147483647;
			files = (
			);
			runOnlyForDeploymentPostprocessing = 0;
		};
/* End PBXFrameworksBuildPhase section */

/* Begin PBXGroup section */
		60354D921E6EB31700A524F7 /* AdminPanel */ = {
			isa = PBXGroup;
			children = (
				60354D931E6EB32500A524F7 /* AdminPanelViewController.swift */,
			);
			name = AdminPanel;
			sourceTree = "<group>";
		};
		60354D951E6EDD6C00A524F7 /* ResetPasswordViewController */ = {
			isa = PBXGroup;
			children = (
				60354D961E6EDD8000A524F7 /* ResetPasswordViewController.swift */,
			);
			name = ResetPasswordViewController;
			sourceTree = "<group>";
		};
		6044C5341E5749AF00CB0C34 /* Picker */ = {
			isa = PBXGroup;
			children = (
				60F808641E59C4CA00101695 /* ViewController */,
				60F808631E59C4B600101695 /* UI */,
				60F808621E59C4A800101695 /* Datasources */,
				6044C5471E577FDE00CB0C34 /* Picker.swift */,
			);
			name = Picker;
			sourceTree = "<group>";
		};
		6054B8E21E74514D00583F4B /* Cell */ = {
			isa = PBXGroup;
			children = (
				6054B8E31E74516700583F4B /* FilesCollectionViewCell.swift */,
				6054B8E41E74516700583F4B /* FilesCollectionViewCell.xib */,
			);
			name = Cell;
			sourceTree = "<group>";
		};
		606A6D6D1E550CF600A0B3B0 /* Services */ = {
			isa = PBXGroup;
			children = (
				607BECF11E4FEFF8004EB98A /* AuthenticateService.swift */,
				609AAFA81E52237C00B51AF1 /* CurrentUser.swift */,
				607BED071E50B47C004EB98A /* CoreDataManager.swift */,
				606A6D731E55EC4700A0B3B0 /* UIViewExtension.swift */,
			);
			name = Services;
			sourceTree = "<group>";
		};
		606A6D6E1E550D0D00A0B3B0 /* Flows */ = {
			isa = PBXGroup;
			children = (
				60A5E52E1E54FEC700684035 /* FlowPickerViewController.swift */,
			);
			name = Flows;
			sourceTree = "<group>";
		};
		606A6D6F1E550D2B00A0B3B0 /* Views */ = {
			isa = PBXGroup;
			children = (
				60D8549B1E571C9900A9BB73 /* Promotions */,
				60A5E52D1E54FEB100684035 /* Flows */,
				60A5E51B1E5441F800684035 /* Users */,
				60A5E51A1E5441B200684035 /* Messages */,
			);
			name = Views;
			sourceTree = "<group>";
		};
		606A6D701E552A6900A0B3B0 /* NewUser */ = {
			isa = PBXGroup;
			children = (
				606A6D711E552A8500A0B3B0 /* NewUserViewController.swift */,
			);
			name = NewUser;
			sourceTree = "<group>";
		};
		606A6D751E55F0E600A0B3B0 /* LoginView */ = {
			isa = PBXGroup;
			children = (
				6086D66D1E49CFAD007D270F /* LoginViewController.swift */,
			);
			name = LoginView;
			sourceTree = "<group>";
		};
		606A6D761E55F0EF00A0B3B0 /* MenuView */ = {
			isa = PBXGroup;
			children = (
				6045C3FA1E4DFB2B00970DCF /* MenuViewController.swift */,
				60354D8E1E6CBA5400A524F7 /* MenuPresenter.swift */,
			);
			name = MenuView;
			sourceTree = "<group>";
		};
		606A6D771E55F0F600A0B3B0 /* RootView */ = {
			isa = PBXGroup;
			children = (
				60A5E5251E54A1C700684035 /* RootViewController.swift */,
			);
			name = RootView;
			sourceTree = "<group>";
		};
		606A6D781E55F10300A0B3B0 /* ProfileView */ = {
			isa = PBXGroup;
			children = (
				602C94601E4DD0CF00A02196 /* ProfileViewController.swift */,
				60F8085E1E5999FB00101695 /* ProfilePresenter.swift */,
			);
			name = ProfileView;
			sourceTree = "<group>";
		};
		606A6D791E55F10B00A0B3B0 /* RegisterView */ = {
			isa = PBXGroup;
			children = (
				604F444A1E4F881A00ACFBC3 /* RegisterViewController.swift */,
			);
			name = RegisterView;
			sourceTree = "<group>";
		};
		606A6D7A1E55F11100A0B3B0 /* ChangePasswordViewController */ = {
			isa = PBXGroup;
			children = (
				604F444C1E4F8AEC00ACFBC3 /* ChangePasswordViewController.swift */,
				60354D901E6CC10800A524F7 /* ResetPassword.xib */,
			);
			name = ChangePasswordViewController;
			sourceTree = "<group>";
		};
		606A6D7B1E55F16700A0B3B0 /* MasterView */ = {
			isa = PBXGroup;
			children = (
				606A6D7C1E55F17500A0B3B0 /* MasterViewController.swift */,
			);
			name = MasterView;
			sourceTree = "<group>";
		};
		60721FF81E7176B2006C0E3A /* NewMessage */ = {
			isa = PBXGroup;
			children = (
				6054B8E21E74514D00583F4B /* Cell */,
				60721FF91E7176BE006C0E3A /* NewMessageView.xib */,
				60721FFD1E71793B006C0E3A /* NewMessageView.swift */,
				6054B8DE1E733E1E00583F4B /* NewMessageViewController.swift */,
				6054B8E01E733F6100583F4B /* NewMessage.swift */,
			);
			name = NewMessage;
			sourceTree = "<group>";
		};
		6086D65F1E49CFAD007D270F = {
			isa = PBXGroup;
			children = (
				60F808661E59C7B100101695 /* JTAppleCalendar.framework */,
				607BED041E509D8A004EB98A /* CryptoSwift.framework */,
				6086D66A1E49CFAD007D270F /* FlowBook */,
				6086D6821E49CFAD007D270F /* FlowBookTests */,
				6086D6691E49CFAD007D270F /* Products */,
			);
			sourceTree = "<group>";
		};
		6086D6691E49CFAD007D270F /* Products */ = {
			isa = PBXGroup;
			children = (
				6086D6681E49CFAD007D270F /* FlowBook.app */,
				6086D67F1E49CFAD007D270F /* FlowBookTests.xctest */,
			);
			name = Products;
			sourceTree = "<group>";
		};
		6086D66A1E49CFAD007D270F /* FlowBook */ = {
			isa = PBXGroup;
			children = (
				60F808651E59C5DE00101695 /* Components */,
				606A6D6F1E550D2B00A0B3B0 /* Views */,
				606A6D6D1E550CF600A0B3B0 /* Services */,
				60C8A2D21E4EA528002E9B6D /* Models */,
				60C8A2D01E4EA4E3002E9B6D /* UI */,
				60C8A2D11E4EA4F7002E9B6D /* ViewControllers */,
				6086D66B1E49CFAD007D270F /* AppDelegate.swift */,
				6086D6751E49CFAD007D270F /* Assets.xcassets */,
				6086D67A1E49CFAD007D270F /* Info.plist */,
				92E1F1D41E5253A8006C26A5 /* Main.storyboard */,
			);
			path = FlowBook;
			sourceTree = "<group>";
		};
		6086D6821E49CFAD007D270F /* FlowBookTests */ = {
			isa = PBXGroup;
			children = (
				6086D6831E49CFAD007D270F /* FlowBookTests.swift */,
				6086D6851E49CFAD007D270F /* Info.plist */,
			);
			path = FlowBookTests;
			sourceTree = "<group>";
		};
		6096E23E1E773E6700D515BD /* NewFile */ = {
			isa = PBXGroup;
			children = (
				6096E23F1E773EA200D515BD /* NewFileViewController.swift */,
				6096E2401E773EA200D515BD /* NewFileViewController.xib */,
			);
			name = NewFile;
			sourceTree = "<group>";
		};
		60A5E5191E543F8300684035 /* MessagesTableView */ = {
			isa = PBXGroup;
			children = (
				6086D6981E4A81D9007D270F /* HomeViewController.swift */,
				60A5E5151E5434F000684035 /* MessageTableViewController.swift */,
			);
			name = MessagesTableView;
			sourceTree = "<group>";
		};
		60A5E51A1E5441B200684035 /* Messages */ = {
			isa = PBXGroup;
			children = (
				60A5E5171E54394400684035 /* MessageTableView.swift */,
				6086D69E1E4B9164007D270F /* MessageTableViewCell.swift */,
			);
			name = Messages;
			sourceTree = "<group>";
		};
		60A5E51B1E5441F800684035 /* Users */ = {
			isa = PBXGroup;
			children = (
				60A5E51C1E54422500684035 /* UserTableViewCell.swift */,
			);
			name = Users;
			sourceTree = "<group>";
		};
		60A5E51E1E54427C00684035 /* UsersTableView */ = {
			isa = PBXGroup;
			children = (
				60A5E51F1E54429300684035 /* UsersTableViewController.swift */,
				60A5E5231E54535200684035 /* UserListViewController.swift */,
			);
			name = UsersTableView;
			sourceTree = "<group>";
		};
		60A5E52D1E54FEB100684035 /* Flows */ = {
			isa = PBXGroup;
			children = (
				60A5E5301E54FEE700684035 /* FlowPickerTableViewCell.swift */,
			);
			name = Flows;
			sourceTree = "<group>";
		};
		60C8A2D01E4EA4E3002E9B6D /* UI */ = {
			isa = PBXGroup;
			children = (
				6086D6921E4A71C2007D270F /* LaunchScreen.storyboard */,
				60ABEC621E4F339E004B6105 /* RoundedImageView.swift */,
				602C945E1E4DC8CC00A02196 /* CustomButton.swift */,
				92706CBC1E4F65CB00C32830 /* CustomButtonSend.swift */,
				9291615C1E52755F00D60CD5 /* CustomInput.swift */,
				92FE3A181E51D80700F74D86 /* CustomInputMail.swift */,
				92FE3A1A1E51D8C700F74D86 /* CustomInputPassword.swift */,
				9291615E1E52777900D60CD5 /* CustomInputUser.swift */,
				60A5E5211E54508200684035 /* AlertController.swift */,
				922A2E5B1E6F5F070073BAD4 /* CustomInputCalendar.swift */,
				92C427511E7175590057F97A /* CustomButtonColor.swift */,
			);
			name = UI;
			sourceTree = "<group>";
		};
		60C8A2D11E4EA4F7002E9B6D /* ViewControllers */ = {
			isa = PBXGroup;
			children = (
				60354D951E6EDD6C00A524F7 /* ResetPasswordViewController */,
				60354D921E6EB31700A524F7 /* AdminPanel */,
				92C9AB9B1E6E1953001AC477 /* NewEvent */,
				60D854A31E57335000A9BB73 /* NewPromotion */,
				60D8549E1E571D0300A9BB73 /* PromotionsView */,
				606A6D7B1E55F16700A0B3B0 /* MasterView */,
				606A6D771E55F0F600A0B3B0 /* RootView */,
				606A6D761E55F0EF00A0B3B0 /* MenuView */,
				606A6D751E55F0E600A0B3B0 /* LoginView */,
				606A6D701E552A6900A0B3B0 /* NewUser */,
				606A6D6E1E550D0D00A0B3B0 /* Flows */,
				60A5E51E1E54427C00684035 /* UsersTableView */,
				60A5E5191E543F8300684035 /* MessagesTableView */,
				606A6D781E55F10300A0B3B0 /* ProfileView */,
				606A6D791E55F10B00A0B3B0 /* RegisterView */,
				606A6D7A1E55F11100A0B3B0 /* ChangePasswordViewController */,
			);
			name = ViewControllers;
			sourceTree = "<group>";
		};
		60C8A2D21E4EA528002E9B6D /* Models */ = {
			isa = PBXGroup;
			children = (
				6086D6721E49CFAD007D270F /* FlowBook.xcdatamodeld */,
				60C8A2D31E4EA536002E9B6D /* UserExtension.swift */,
				60C8A2D51E4EA581002E9B6D /* MessageExtension.swift */,
				60C8A2D71E4EA58D002E9B6D /* RightExtension.swift */,
				60C8A2D91E4EA5A8002E9B6D /* FlowExtension.swift */,
				60C8A2DB1E4EA5B9002E9B6D /* UserCategoryExtension.swift */,
				60A5E5291E54ED1000684035 /* DepartmentExtension.swift */,
				60A5E52B1E54ED1800684035 /* PromotionExtension.swift */,
				60A5E5321E55047700684035 /* StudentExtension.swift */,
				60F808601E59B70000101695 /* UsersData.swift */,
				92C9AB991E6E112E001AC477 /* EventExtension.swift */,
				60721FF61E7151A4006C0E3A /* TeacherExtension.swift */,
				92C427531E71FC490057F97A /* ColorRGBExtension.swift */,
			);
			name = Models;
			sourceTree = "<group>";
		};
		60D8549B1E571C9900A9BB73 /* Promotions */ = {
			isa = PBXGroup;
			children = (
				60D8549C1E571CB800A9BB73 /* PromotionsTableViewCell.swift */,
			);
			name = Promotions;
			sourceTree = "<group>";
		};
		60D8549E1E571D0300A9BB73 /* PromotionsView */ = {
			isa = PBXGroup;
			children = (
				60D8549F1E571D1F00A9BB73 /* PromotionsTableViewController.swift */,
				60D854A11E571D3100A9BB73 /* PromotionsViewController.swift */,
			);
			name = PromotionsView;
			sourceTree = "<group>";
		};
		60D854A31E57335000A9BB73 /* NewPromotion */ = {
			isa = PBXGroup;
			children = (
				60D854A41E57336100A9BB73 /* NewPromotionViewController.swift */,
			);
			name = NewPromotion;
			sourceTree = "<group>";
		};
		60F808621E59C4A800101695 /* Datasources */ = {
			isa = PBXGroup;
			children = (
				6044C53D1E57721900CB0C34 /* DepartmentPickerDataSource.swift */,
				6044C5491E5791AF00CB0C34 /* PromotionPickerDataSource.swift */,
			);
			name = Datasources;
			sourceTree = "<group>";
		};
		60F808631E59C4B600101695 /* UI */ = {
			isa = PBXGroup;
			children = (
				6044C53B1E5771B400CB0C34 /* PickerTableView.swift */,
				6044C5431E577C8500CB0C34 /* PickerTableViewCell.swift */,
				6044C5381E576AE400CB0C34 /* PickerViewController.xib */,
				6044C5441E577C8500CB0C34 /* PickerTableViewCell.xib */,
			);
			name = UI;
			sourceTree = "<group>";
		};
		60F808641E59C4CA00101695 /* ViewController */ = {
			isa = PBXGroup;
			children = (
				6044C5371E576AE400CB0C34 /* PickerViewController.swift */,
			);
			name = ViewController;
			sourceTree = "<group>";
		};
		60F808651E59C5DE00101695 /* Components */ = {
			isa = PBXGroup;
			children = (
				6096E23E1E773E6700D515BD /* NewFile */,
				60721FF81E7176B2006C0E3A /* NewMessage */,
				60F8086A1E59C84A00101695 /* Calendar */,
				6044C5341E5749AF00CB0C34 /* Picker */,
			);
			name = Components;
			sourceTree = "<group>";
		};
		60F8086A1E59C84A00101695 /* Calendar */ = {
			isa = PBXGroup;
			children = (
				60F8086B1E59C86000101695 /* CalendarCellView.xib */,
				60F8086D1E59C8B400101695 /* CalendarCellView.swift */,
				60F8086F1E59C93000101695 /* CalendarViewController.swift */,
				60F808711E59CBC500101695 /* CalendarView.swift */,
			);
			name = Calendar;
			sourceTree = "<group>";
		};
		92C9AB9B1E6E1953001AC477 /* NewEvent */ = {
			isa = PBXGroup;
			children = (
				92D2E8F01E6E99EC005B2CFB /* NewEventViewController.swift */,
			);
			name = NewEvent;
			sourceTree = "<group>";
		};
/* End PBXGroup section */

/* Begin PBXNativeTarget section */
		6086D6671E49CFAD007D270F /* FlowBook */ = {
			isa = PBXNativeTarget;
			buildConfigurationList = 6086D6881E49CFAD007D270F /* Build configuration list for PBXNativeTarget "FlowBook" */;
			buildPhases = (
				6086D6641E49CFAD007D270F /* Sources */,
				6086D6651E49CFAD007D270F /* Frameworks */,
				6086D6661E49CFAD007D270F /* Resources */,
				9260BD091E50F81500D32B4D /* Embed Frameworks */,
			);
			buildRules = (
			);
			dependencies = (
			);
			name = FlowBook;
			productName = FlowBook;
			productReference = 6086D6681E49CFAD007D270F /* FlowBook.app */;
			productType = "com.apple.product-type.application";
		};
		6086D67E1E49CFAD007D270F /* FlowBookTests */ = {
			isa = PBXNativeTarget;
			buildConfigurationList = 6086D68B1E49CFAD007D270F /* Build configuration list for PBXNativeTarget "FlowBookTests" */;
			buildPhases = (
				6086D67B1E49CFAD007D270F /* Sources */,
				6086D67C1E49CFAD007D270F /* Frameworks */,
				6086D67D1E49CFAD007D270F /* Resources */,
			);
			buildRules = (
			);
			dependencies = (
				6086D6811E49CFAD007D270F /* PBXTargetDependency */,
			);
			name = FlowBookTests;
			productName = FlowBookTests;
			productReference = 6086D67F1E49CFAD007D270F /* FlowBookTests.xctest */;
			productType = "com.apple.product-type.bundle.unit-test";
		};
/* End PBXNativeTarget section */

/* Begin PBXProject section */
		6086D6601E49CFAD007D270F /* Project object */ = {
			isa = PBXProject;
			attributes = {
				KnownAssetTags = (
					FlowMessagesView.xib,
				);
				LastSwiftUpdateCheck = 0820;
				LastUpgradeCheck = 0820;
				ORGANIZATIONNAME = "Benjamin Afonso";
				TargetAttributes = {
					6086D6671E49CFAD007D270F = {
						CreatedOnToolsVersion = 8.2.1;
						DevelopmentTeam = 3EQET6CY44;
						ProvisioningStyle = Automatic;
					};
					6086D67E1E49CFAD007D270F = {
						CreatedOnToolsVersion = 8.2.1;
						DevelopmentTeam = 3EQET6CY44;
						ProvisioningStyle = Automatic;
						TestTargetID = 6086D6671E49CFAD007D270F;
					};
				};
			};
			buildConfigurationList = 6086D6631E49CFAD007D270F /* Build configuration list for PBXProject "FlowBook" */;
			compatibilityVersion = "Xcode 3.2";
			developmentRegion = English;
			hasScannedForEncodings = 0;
			knownRegions = (
				en,
				Base,
			);
			mainGroup = 6086D65F1E49CFAD007D270F;
			productRefGroup = 6086D6691E49CFAD007D270F /* Products */;
			projectDirPath = "";
			projectRoot = "";
			targets = (
				6086D6671E49CFAD007D270F /* FlowBook */,
				6086D67E1E49CFAD007D270F /* FlowBookTests */,
			);
		};
/* End PBXProject section */

/* Begin PBXResourcesBuildPhase section */
		6086D6661E49CFAD007D270F /* Resources */ = {
			isa = PBXResourcesBuildPhase;
			buildActionMask = 2147483647;
			files = (
				60354D911E6CC10800A524F7 /* ResetPassword.xib in Resources */,
				6044C5461E577C8500CB0C34 /* PickerTableViewCell.xib in Resources */,
				92E1F1D61E5253A8006C26A5 /* Main.storyboard in Resources */,
				6086D6931E4A71C2007D270F /* LaunchScreen.storyboard in Resources */,
				6044C53A1E576AE400CB0C34 /* PickerViewController.xib in Resources */,
				6096E2421E773EA200D515BD /* NewFileViewController.xib in Resources */,
				60721FFA1E7176BE006C0E3A /* NewMessageView.xib in Resources */,
				60F8086C1E59C86000101695 /* CalendarCellView.xib in Resources */,
				6086D6761E49CFAD007D270F /* Assets.xcassets in Resources */,
				6054B8E61E74516700583F4B /* FilesCollectionViewCell.xib in Resources */,
			);
			runOnlyForDeploymentPostprocessing = 0;
		};
		6086D67D1E49CFAD007D270F /* Resources */ = {
			isa = PBXResourcesBuildPhase;
			buildActionMask = 2147483647;
			files = (
			);
			runOnlyForDeploymentPostprocessing = 0;
		};
/* End PBXResourcesBuildPhase section */

/* Begin PBXSourcesBuildPhase section */
		6086D6641E49CFAD007D270F /* Sources */ = {
			isa = PBXSourcesBuildPhase;
			buildActionMask = 2147483647;
			files = (
				606A6D721E552A8500A0B3B0 /* NewUserViewController.swift in Sources */,
				92C427521E7175590057F97A /* CustomButtonColor.swift in Sources */,
				60A5E52F1E54FEC700684035 /* FlowPickerViewController.swift in Sources */,
				6054B8E51E74516700583F4B /* FilesCollectionViewCell.swift in Sources */,
				60ABEC631E4F339E004B6105 /* RoundedImageView.swift in Sources */,
				60A5E51D1E54422500684035 /* UserTableViewCell.swift in Sources */,
				60C8A2D81E4EA58D002E9B6D /* RightExtension.swift in Sources */,
				60354D941E6EB32500A524F7 /* AdminPanelViewController.swift in Sources */,
				609AAFA91E52237C00B51AF1 /* CurrentUser.swift in Sources */,
				92FE3A191E51D80700F74D86 /* CustomInputMail.swift in Sources */,
				60D854A01E571D1F00A9BB73 /* PromotionsTableViewController.swift in Sources */,
				60721FFE1E71793B006C0E3A /* NewMessageView.swift in Sources */,
				60A5E5241E54535200684035 /* UserListViewController.swift in Sources */,
				606A6D741E55EC4700A0B3B0 /* UIViewExtension.swift in Sources */,
				6086D6741E49CFAD007D270F /* FlowBook.xcdatamodeld in Sources */,
				92C9AB9A1E6E112E001AC477 /* EventExtension.swift in Sources */,
				6044C5451E577C8500CB0C34 /* PickerTableViewCell.swift in Sources */,
				9291615D1E52755F00D60CD5 /* CustomInput.swift in Sources */,
				6045C3FB1E4DFB2B00970DCF /* MenuViewController.swift in Sources */,
				6096E2411E773EA200D515BD /* NewFileViewController.swift in Sources */,
				60D854A51E57336100A9BB73 /* NewPromotionViewController.swift in Sources */,
				6086D6991E4A81D9007D270F /* HomeViewController.swift in Sources */,
				60721FF71E7151A4006C0E3A /* TeacherExtension.swift in Sources */,
				60D8549D1E571CB800A9BB73 /* PromotionsTableViewCell.swift in Sources */,
				60F8086E1E59C8B400101695 /* CalendarCellView.swift in Sources */,
				60C8A2DC1E4EA5B9002E9B6D /* UserCategoryExtension.swift in Sources */,
				602C945F1E4DC8CC00A02196 /* CustomButton.swift in Sources */,
				6044C5391E576AE400CB0C34 /* PickerViewController.swift in Sources */,
				6054B8E11E733F6100583F4B /* NewMessage.swift in Sources */,
				60A5E52C1E54ED1800684035 /* PromotionExtension.swift in Sources */,
				9291615F1E52777900D60CD5 /* CustomInputUser.swift in Sources */,
				922A2E5C1E6F5F070073BAD4 /* CustomInputCalendar.swift in Sources */,
				60F808701E59C93000101695 /* CalendarViewController.swift in Sources */,
				60354D971E6EDD8000A524F7 /* ResetPasswordViewController.swift in Sources */,
				60A5E5221E54508200684035 /* AlertController.swift in Sources */,
				604F444D1E4F8AEC00ACFBC3 /* ChangePasswordViewController.swift in Sources */,
				60A5E5161E5434F000684035 /* MessageTableViewController.swift in Sources */,
				92C427541E71FC490057F97A /* ColorRGBExtension.swift in Sources */,
				60A5E5181E54394400684035 /* MessageTableView.swift in Sources */,
				92D2E8F11E6E99EC005B2CFB /* NewEventViewController.swift in Sources */,
				607BECF21E4FEFF8004EB98A /* AuthenticateService.swift in Sources */,
				60C8A2D41E4EA536002E9B6D /* UserExtension.swift in Sources */,
				607BED081E50B47C004EB98A /* CoreDataManager.swift in Sources */,
				60A5E52A1E54ED1000684035 /* DepartmentExtension.swift in Sources */,
				60A5E5261E54A1C700684035 /* RootViewController.swift in Sources */,
				60A5E5311E54FEE700684035 /* FlowPickerTableViewCell.swift in Sources */,
				6086D69F1E4B9164007D270F /* MessageTableViewCell.swift in Sources */,
				6044C53C1E5771B400CB0C34 /* PickerTableView.swift in Sources */,
				602C94611E4DD0CF00A02196 /* ProfileViewController.swift in Sources */,
				60A5E5201E54429300684035 /* UsersTableViewController.swift in Sources */,
				6054B8DF1E733E1E00583F4B /* NewMessageViewController.swift in Sources */,
				92706CBD1E4F65CB00C32830 /* CustomButtonSend.swift in Sources */,
				6044C5481E577FDE00CB0C34 /* Picker.swift in Sources */,
				6044C53E1E57721900CB0C34 /* DepartmentPickerDataSource.swift in Sources */,
				60A5E5331E55047700684035 /* StudentExtension.swift in Sources */,
				6086D66E1E49CFAD007D270F /* LoginViewController.swift in Sources */,
				604F444B1E4F881A00ACFBC3 /* RegisterViewController.swift in Sources */,
				60D854A21E571D3100A9BB73 /* PromotionsViewController.swift in Sources */,
				60F8085F1E5999FB00101695 /* ProfilePresenter.swift in Sources */,
				60C8A2DA1E4EA5A8002E9B6D /* FlowExtension.swift in Sources */,
				6086D66C1E49CFAD007D270F /* AppDelegate.swift in Sources */,
				60C8A2D61E4EA581002E9B6D /* MessageExtension.swift in Sources */,
				60354D8F1E6CBA5400A524F7 /* MenuPresenter.swift in Sources */,
				60F808721E59CBC500101695 /* CalendarView.swift in Sources */,
				92FE3A1B1E51D8C700F74D86 /* CustomInputPassword.swift in Sources */,
				60F808611E59B70000101695 /* UsersData.swift in Sources */,
				6044C54A1E5791AF00CB0C34 /* PromotionPickerDataSource.swift in Sources */,
				606A6D7D1E55F17500A0B3B0 /* MasterViewController.swift in Sources */,
			);
			runOnlyForDeploymentPostprocessing = 0;
		};
		6086D67B1E49CFAD007D270F /* Sources */ = {
			isa = PBXSourcesBuildPhase;
			buildActionMask = 2147483647;
			files = (
				6086D6841E49CFAD007D270F /* FlowBookTests.swift in Sources */,
			);
			runOnlyForDeploymentPostprocessing = 0;
		};
/* End PBXSourcesBuildPhase section */

/* Begin PBXTargetDependency section */
		6086D6811E49CFAD007D270F /* PBXTargetDependency */ = {
			isa = PBXTargetDependency;
			target = 6086D6671E49CFAD007D270F /* FlowBook */;
			targetProxy = 6086D6801E49CFAD007D270F /* PBXContainerItemProxy */;
		};
/* End PBXTargetDependency section */

/* Begin PBXVariantGroup section */
		92E1F1D41E5253A8006C26A5 /* Main.storyboard */ = {
			isa = PBXVariantGroup;
			children = (
				92E1F1D51E5253A8006C26A5 /* Base */,
			);
			name = Main.storyboard;
			sourceTree = "<group>";
		};
/* End PBXVariantGroup section */

/* Begin XCBuildConfiguration section */
		6086D6861E49CFAD007D270F /* Debug */ = {
			isa = XCBuildConfiguration;
			buildSettings = {
				ALWAYS_SEARCH_USER_PATHS = NO;
				CLANG_ANALYZER_NONNULL = YES;
				CLANG_CXX_LANGUAGE_STANDARD = "gnu++0x";
				CLANG_CXX_LIBRARY = "libc++";
				CLANG_ENABLE_MODULES = YES;
				CLANG_ENABLE_OBJC_ARC = YES;
				CLANG_WARN_BOOL_CONVERSION = YES;
				CLANG_WARN_CONSTANT_CONVERSION = YES;
				CLANG_WARN_DIRECT_OBJC_ISA_USAGE = YES_ERROR;
				CLANG_WARN_DOCUMENTATION_COMMENTS = YES;
				CLANG_WARN_EMPTY_BODY = YES;
				CLANG_WARN_ENUM_CONVERSION = YES;
				CLANG_WARN_INFINITE_RECURSION = YES;
				CLANG_WARN_INT_CONVERSION = YES;
				CLANG_WARN_OBJC_ROOT_CLASS = YES_ERROR;
				CLANG_WARN_SUSPICIOUS_MOVE = YES;
				CLANG_WARN_UNREACHABLE_CODE = YES;
				CLANG_WARN__DUPLICATE_METHOD_MATCH = YES;
				"CODE_SIGN_IDENTITY[sdk=iphoneos*]" = "iPhone Developer";
				COPY_PHASE_STRIP = NO;
				DEBUG_INFORMATION_FORMAT = dwarf;
				ENABLE_STRICT_OBJC_MSGSEND = YES;
				ENABLE_TESTABILITY = YES;
				GCC_C_LANGUAGE_STANDARD = gnu99;
				GCC_DYNAMIC_NO_PIC = NO;
				GCC_NO_COMMON_BLOCKS = YES;
				GCC_OPTIMIZATION_LEVEL = 0;
				GCC_PREPROCESSOR_DEFINITIONS = (
					"DEBUG=1",
					"$(inherited)",
				);
				GCC_WARN_64_TO_32_BIT_CONVERSION = YES;
				GCC_WARN_ABOUT_RETURN_TYPE = YES_ERROR;
				GCC_WARN_UNDECLARED_SELECTOR = YES;
				GCC_WARN_UNINITIALIZED_AUTOS = YES_AGGRESSIVE;
				GCC_WARN_UNUSED_FUNCTION = YES;
				GCC_WARN_UNUSED_VARIABLE = YES;
				IPHONEOS_DEPLOYMENT_TARGET = 10.2;
				MTL_ENABLE_DEBUG_INFO = YES;
				ONLY_ACTIVE_ARCH = YES;
				SDKROOT = iphoneos;
				SWIFT_ACTIVE_COMPILATION_CONDITIONS = DEBUG;
				SWIFT_OPTIMIZATION_LEVEL = "-Onone";
				TARGETED_DEVICE_FAMILY = "1,2";
			};
			name = Debug;
		};
		6086D6871E49CFAD007D270F /* Release */ = {
			isa = XCBuildConfiguration;
			buildSettings = {
				ALWAYS_SEARCH_USER_PATHS = NO;
				CLANG_ANALYZER_NONNULL = YES;
				CLANG_CXX_LANGUAGE_STANDARD = "gnu++0x";
				CLANG_CXX_LIBRARY = "libc++";
				CLANG_ENABLE_MODULES = YES;
				CLANG_ENABLE_OBJC_ARC = YES;
				CLANG_WARN_BOOL_CONVERSION = YES;
				CLANG_WARN_CONSTANT_CONVERSION = YES;
				CLANG_WARN_DIRECT_OBJC_ISA_USAGE = YES_ERROR;
				CLANG_WARN_DOCUMENTATION_COMMENTS = YES;
				CLANG_WARN_EMPTY_BODY = YES;
				CLANG_WARN_ENUM_CONVERSION = YES;
				CLANG_WARN_INFINITE_RECURSION = YES;
				CLANG_WARN_INT_CONVERSION = YES;
				CLANG_WARN_OBJC_ROOT_CLASS = YES_ERROR;
				CLANG_WARN_SUSPICIOUS_MOVE = YES;
				CLANG_WARN_UNREACHABLE_CODE = YES;
				CLANG_WARN__DUPLICATE_METHOD_MATCH = YES;
				"CODE_SIGN_IDENTITY[sdk=iphoneos*]" = "iPhone Developer";
				COPY_PHASE_STRIP = NO;
				DEBUG_INFORMATION_FORMAT = "dwarf-with-dsym";
				ENABLE_NS_ASSERTIONS = NO;
				ENABLE_STRICT_OBJC_MSGSEND = YES;
				GCC_C_LANGUAGE_STANDARD = gnu99;
				GCC_NO_COMMON_BLOCKS = YES;
				GCC_WARN_64_TO_32_BIT_CONVERSION = YES;
				GCC_WARN_ABOUT_RETURN_TYPE = YES_ERROR;
				GCC_WARN_UNDECLARED_SELECTOR = YES;
				GCC_WARN_UNINITIALIZED_AUTOS = YES_AGGRESSIVE;
				GCC_WARN_UNUSED_FUNCTION = YES;
				GCC_WARN_UNUSED_VARIABLE = YES;
				IPHONEOS_DEPLOYMENT_TARGET = 10.2;
				MTL_ENABLE_DEBUG_INFO = NO;
				SDKROOT = iphoneos;
				SWIFT_OPTIMIZATION_LEVEL = "-Owholemodule";
				TARGETED_DEVICE_FAMILY = "1,2";
				VALIDATE_PRODUCT = YES;
			};
			name = Release;
		};
		6086D6891E49CFAD007D270F /* Debug */ = {
			isa = XCBuildConfiguration;
			buildSettings = {
				ASSETCATALOG_COMPILER_APPICON_NAME = AppIcon;
				DEVELOPMENT_TEAM = 3EQET6CY44;
				FRAMEWORK_SEARCH_PATHS = (
					"$(inherited)",
					"$(PROJECT_DIR)",
				);
				INFOPLIST_FILE = FlowBook/Info.plist;
				IPHONEOS_DEPLOYMENT_TARGET = 10.0;
				LD_RUNPATH_SEARCH_PATHS = "$(inherited) @executable_path/Frameworks";
				PRODUCT_BUNDLE_IDENTIFIER = benjaminafonso.FlowBook;
				PRODUCT_NAME = "$(TARGET_NAME)";
				SWIFT_VERSION = 3.0;
			};
			name = Debug;
		};
		6086D68A1E49CFAD007D270F /* Release */ = {
			isa = XCBuildConfiguration;
			buildSettings = {
				ASSETCATALOG_COMPILER_APPICON_NAME = AppIcon;
				DEVELOPMENT_TEAM = 3EQET6CY44;
				FRAMEWORK_SEARCH_PATHS = (
					"$(inherited)",
					"$(PROJECT_DIR)",
				);
				INFOPLIST_FILE = FlowBook/Info.plist;
				IPHONEOS_DEPLOYMENT_TARGET = 10.0;
				LD_RUNPATH_SEARCH_PATHS = "$(inherited) @executable_path/Frameworks";
				PRODUCT_BUNDLE_IDENTIFIER = benjaminafonso.FlowBook;
				PRODUCT_NAME = "$(TARGET_NAME)";
				SWIFT_VERSION = 3.0;
			};
			name = Release;
		};
		6086D68C1E49CFAD007D270F /* Debug */ = {
			isa = XCBuildConfiguration;
			buildSettings = {
				ALWAYS_EMBED_SWIFT_STANDARD_LIBRARIES = YES;
				BUNDLE_LOADER = "$(TEST_HOST)";
				DEVELOPMENT_TEAM = 3EQET6CY44;
				INFOPLIST_FILE = FlowBookTests/Info.plist;
				LD_RUNPATH_SEARCH_PATHS = "$(inherited) @executable_path/Frameworks @loader_path/Frameworks";
				PRODUCT_BUNDLE_IDENTIFIER = benjaminafonso.FlowBookTests;
				PRODUCT_NAME = "$(TARGET_NAME)";
				SWIFT_VERSION = 3.0;
				TEST_HOST = "$(BUILT_PRODUCTS_DIR)/FlowBook.app/FlowBook";
			};
			name = Debug;
		};
		6086D68D1E49CFAD007D270F /* Release */ = {
			isa = XCBuildConfiguration;
			buildSettings = {
				ALWAYS_EMBED_SWIFT_STANDARD_LIBRARIES = YES;
				BUNDLE_LOADER = "$(TEST_HOST)";
				DEVELOPMENT_TEAM = 3EQET6CY44;
				INFOPLIST_FILE = FlowBookTests/Info.plist;
				LD_RUNPATH_SEARCH_PATHS = "$(inherited) @executable_path/Frameworks @loader_path/Frameworks";
				PRODUCT_BUNDLE_IDENTIFIER = benjaminafonso.FlowBookTests;
				PRODUCT_NAME = "$(TARGET_NAME)";
				SWIFT_VERSION = 3.0;
				TEST_HOST = "$(BUILT_PRODUCTS_DIR)/FlowBook.app/FlowBook";
			};
			name = Release;
		};
/* End XCBuildConfiguration section */

/* Begin XCConfigurationList section */
		6086D6631E49CFAD007D270F /* Build configuration list for PBXProject "FlowBook" */ = {
			isa = XCConfigurationList;
			buildConfigurations = (
				6086D6861E49CFAD007D270F /* Debug */,
				6086D6871E49CFAD007D270F /* Release */,
			);
			defaultConfigurationIsVisible = 0;
			defaultConfigurationName = Release;
		};
		6086D6881E49CFAD007D270F /* Build configuration list for PBXNativeTarget "FlowBook" */ = {
			isa = XCConfigurationList;
			buildConfigurations = (
				6086D6891E49CFAD007D270F /* Debug */,
				6086D68A1E49CFAD007D270F /* Release */,
			);
			defaultConfigurationIsVisible = 0;
			defaultConfigurationName = Release;
		};
		6086D68B1E49CFAD007D270F /* Build configuration list for PBXNativeTarget "FlowBookTests" */ = {
			isa = XCConfigurationList;
			buildConfigurations = (
				6086D68C1E49CFAD007D270F /* Debug */,
				6086D68D1E49CFAD007D270F /* Release */,
			);
			defaultConfigurationIsVisible = 0;
			defaultConfigurationName = Release;
		};
/* End XCConfigurationList section */

/* Begin XCVersionGroup section */
		6086D6721E49CFAD007D270F /* FlowBook.xcdatamodeld */ = {
			isa = XCVersionGroup;
			children = (
				6086D6731E49CFAD007D270F /* FlowBook.xcdatamodel */,
			);
			currentVersion = 6086D6731E49CFAD007D270F /* FlowBook.xcdatamodel */;
			path = FlowBook.xcdatamodeld;
			sourceTree = "<group>";
			versionGroupType = wrapper.xcdatamodel;
		};
/* End XCVersionGroup section */
	};
	rootObject = 6086D6601E49CFAD007D270F /* Project object */;
}
